
Microsoft Visual Studio Solution File, Format Version 12.00
# Visual Studio Version 17
VisualStudioVersion = 17.5.33424.131
MinimumVisualStudioVersion = 10.0.40219.1
Project("{9A19103F-16F7-4668-BE54-9A1E7A4F7556}") = "Shop.API", "Shop.API\Shop.API.csproj", "{4CEABDA1-6E2A-44F5-95E7-BACFEC800F02}"
EndProject
Project("{9A19103F-16F7-4668-BE54-9A1E7A4F7556}") = "Shop.DAL", "Shop.DAL\Shop.DAL.csproj", "{B7391BC9-B365-4A08-8B42-9DB0249C824E}"
EndProject
Project("{FAE04EC0-301F-11D3-BF4B-00C04F79EFBC}") = "Shop.web", "Shop.web\Shop.web.csproj", "{745130C9-CA97-49FE-89F0-C180640730AA}"
EndProject
Global
	GlobalSection(SolutionConfigurationPlatforms) = preSolution
		Debug|Any CPU = Debug|Any CPU
		Release|Any CPU = Release|Any CPU
	EndGlobalSection
	GlobalSection(ProjectConfigurationPlatforms) = postSolution
		{4CEABDA1-6E2A-44F5-95E7-BACFEC800F02}.Debug|Any CPU.ActiveCfg = Debug|Any CPU
		{4CEABDA1-6E2A-44F5-95E7-BACFEC800F02}.Debug|Any CPU.Build.0 = Debug|Any CPU
		{4CEABDA1-6E2A-44F5-95E7-BACFEC800F02}.Release|Any CPU.ActiveCfg = Release|Any CPU
		{4CEABDA1-6E2A-44F5-95E7-BACFEC800F02}.Release|Any CPU.Build.0 = Release|Any CPU
		{B7391BC9-B365-4A08-8B42-9DB0249C824E}.Debug|Any CPU.ActiveCfg = Debug|Any CPU
		{B7391BC9-B365-4A08-8B42-9DB0249C824E}.Debug|Any CPU.Build.0 = Debug|Any CPU
		{B7391BC9-B365-4A08-8B42-9DB0249C824E}.Release|Any CPU.ActiveCfg = Release|Any CPU
		{B7391BC9-B365-4A08-8B42-9DB0249C824E}.Release|Any CPU.Build.0 = Release|Any CPU
		{745130C9-CA97-49FE-89F0-C180640730AA}.Debug|Any CPU.ActiveCfg = Debug|Any CPU
		{745130C9-CA97-49FE-89F0-C180640730AA}.Debug|Any CPU.Build.0 = Debug|Any CPU
		{745130C9-CA97-49FE-89F0-C180640730AA}.Release|Any CPU.ActiveCfg = Release|Any CPU
		{745130C9-CA97-49FE-89F0-C180640730AA}.Release|Any CPU.Build.0 = Release|Any CPU
	EndGlobalSection
	GlobalSection(SolutionProperties) = preSolution
		HideSolutionNode = FALSE
	EndGlobalSection
	GlobalSection(ExtensibilityGlobals) = postSolution
		SolutionGuid = {18D9D1D7-AD6D-4DFC-94EE-946623D47BCB}
	EndGlobalSection
EndGlobal
